
Microsoft Visual Studio Solution File, Format Version 12.00
# Visual Studio Version 17
VisualStudioVersion = 17.9.34616.47
MinimumVisualStudioVersion = 10.0.40219.1
Project("{F184B08F-C81C-45F6-A57F-5ABD9991F28F}") = "Lengthily Process Simulation", "Lengthily Process Simulation.vbproj", "{0CDD3EC9-6096-4662-A419-E94CB9D7AEA0}"
EndProject
Global
	GlobalSection(SolutionConfigurationPlatforms) = preSolution
		Debug|Any CPU = Debug|Any CPU
		Release|Any CPU = Release|Any CPU
	EndGlobalSection
	GlobalSection(ProjectConfigurationPlatforms) = postSolution
		{0CDD3EC9-6096-4662-A419-E94CB9D7AEA0}.Debug|Any CPU.ActiveCfg = Debug|Any CPU
		{0CDD3EC9-6096-4662-A419-E94CB9D7AEA0}.Debug|Any CPU.Build.0 = Debug|Any CPU
		{0CDD3EC9-6096-4662-A419-E94CB9D7AEA0}.Release|Any CPU.ActiveCfg = Release|Any CPU
		{0CDD3EC9-6096-4662-A419-E94CB9D7AEA0}.Release|Any CPU.Build.0 = Release|Any CPU
	EndGlobalSection
	GlobalSection(SolutionProperties) = preSolution
		HideSolutionNode = FALSE
	EndGlobalSection
	GlobalSection(ExtensibilityGlobals) = postSolution
		SolutionGuid = {2CBBE8FA-E4A9-4B21-BFF6-5AFD95AC419F}
	EndGlobalSection
EndGlobal
